
Microsoft Visual Studio Solution File, Format Version 12.00
# Visual Studio 2013
VisualStudioVersion = 12.0.40629.0
MinimumVisualStudioVersion = 10.0.40219.1
Project("{FAE04EC0-301F-11D3-BF4B-00C04F79EFBC}") = "YelpExplorer.Web", "YelpExplorer.Web\YelpExplorer.Web.csproj", "{8DE2CAE5-BC32-471F-9CD9-9069733D8364}"
EndProject
Project("{FAE04EC0-301F-11D3-BF4B-00C04F79EFBC}") = "YelpExplorer.Tests", "YelpExplorer.Tests\YelpExplorer.Tests.csproj", "{C4243F65-EC08-4693-B6F2-3B81D9763DF6}"
EndProject
Global
	GlobalSection(SolutionConfigurationPlatforms) = preSolution
		Debug|Any CPU = Debug|Any CPU
		Release|Any CPU = Release|Any CPU
	EndGlobalSection
	GlobalSection(ProjectConfigurationPlatforms) = postSolution
		{8DE2CAE5-BC32-471F-9CD9-9069733D8364}.Debug|Any CPU.ActiveCfg = Debug|Any CPU
		{8DE2CAE5-BC32-471F-9CD9-9069733D8364}.Debug|Any CPU.Build.0 = Debug|Any CPU
		{8DE2CAE5-BC32-471F-9CD9-9069733D8364}.Release|Any CPU.ActiveCfg = Release|Any CPU
		{8DE2CAE5-BC32-471F-9CD9-9069733D8364}.Release|Any CPU.Build.0 = Release|Any CPU
		{C4243F65-EC08-4693-B6F2-3B81D9763DF6}.Debug|Any CPU.ActiveCfg = Debug|Any CPU
		{C4243F65-EC08-4693-B6F2-3B81D9763DF6}.Debug|Any CPU.Build.0 = Debug|Any CPU
		{C4243F65-EC08-4693-B6F2-3B81D9763DF6}.Release|Any CPU.ActiveCfg = Release|Any CPU
		{C4243F65-EC08-4693-B6F2-3B81D9763DF6}.Release|Any CPU.Build.0 = Release|Any CPU
	EndGlobalSection
	GlobalSection(SolutionProperties) = preSolution
		HideSolutionNode = FALSE
	EndGlobalSection
EndGlobal
